
Microsoft Visual Studio Solution File, Format Version 12.00
# Visual Studio Version 17
VisualStudioVersion = 17.0.31903.59
MinimumVisualStudioVersion = 10.0.40219.1
Project("{FAE04EC0-301F-11D3-BF4B-00C04F79EFBC}") = "API", "API\API.csproj", "{4E8E8C72-F2F6-4E28-B596-AE42F1E08708}"
EndProject
Project("{FAE04EC0-301F-11D3-BF4B-00C04F79EFBC}") = "Application", "Application\Application.csproj", "{DA603ACE-4D77-402B-8C7F-EB2D2D2CB6E3}"
EndProject
Project("{FAE04EC0-301F-11D3-BF4B-00C04F79EFBC}") = "Domain", "Domain\Domain.csproj", "{B78BF781-12A6-458F-8AB7-644EF4BF4D32}"
EndProject
Project("{FAE04EC0-301F-11D3-BF4B-00C04F79EFBC}") = "Persistence", "Persistence\Persistence.csproj", "{DC1475B2-8EAE-4962-BDC4-84342FFF1DD4}"
EndProject
Global
	GlobalSection(SolutionConfigurationPlatforms) = preSolution
		Debug|Any CPU = Debug|Any CPU
		Release|Any CPU = Release|Any CPU
	EndGlobalSection
	GlobalSection(SolutionProperties) = preSolution
		HideSolutionNode = FALSE
	EndGlobalSection
	GlobalSection(ProjectConfigurationPlatforms) = postSolution
		{4E8E8C72-F2F6-4E28-B596-AE42F1E08708}.Debug|Any CPU.ActiveCfg = Debug|Any CPU
		{4E8E8C72-F2F6-4E28-B596-AE42F1E08708}.Debug|Any CPU.Build.0 = Debug|Any CPU
		{4E8E8C72-F2F6-4E28-B596-AE42F1E08708}.Release|Any CPU.ActiveCfg = Release|Any CPU
		{4E8E8C72-F2F6-4E28-B596-AE42F1E08708}.Release|Any CPU.Build.0 = Release|Any CPU
		{DA603ACE-4D77-402B-8C7F-EB2D2D2CB6E3}.Debug|Any CPU.ActiveCfg = Debug|Any CPU
		{DA603ACE-4D77-402B-8C7F-EB2D2D2CB6E3}.Debug|Any CPU.Build.0 = Debug|Any CPU
		{DA603ACE-4D77-402B-8C7F-EB2D2D2CB6E3}.Release|Any CPU.ActiveCfg = Release|Any CPU
		{DA603ACE-4D77-402B-8C7F-EB2D2D2CB6E3}.Release|Any CPU.Build.0 = Release|Any CPU
		{B78BF781-12A6-458F-8AB7-644EF4BF4D32}.Debug|Any CPU.ActiveCfg = Debug|Any CPU
		{B78BF781-12A6-458F-8AB7-644EF4BF4D32}.Debug|Any CPU.Build.0 = Debug|Any CPU
		{B78BF781-12A6-458F-8AB7-644EF4BF4D32}.Release|Any CPU.ActiveCfg = Release|Any CPU
		{B78BF781-12A6-458F-8AB7-644EF4BF4D32}.Release|Any CPU.Build.0 = Release|Any CPU
		{DC1475B2-8EAE-4962-BDC4-84342FFF1DD4}.Debug|Any CPU.ActiveCfg = Debug|Any CPU
		{DC1475B2-8EAE-4962-BDC4-84342FFF1DD4}.Debug|Any CPU.Build.0 = Debug|Any CPU
		{DC1475B2-8EAE-4962-BDC4-84342FFF1DD4}.Release|Any CPU.ActiveCfg = Release|Any CPU
		{DC1475B2-8EAE-4962-BDC4-84342FFF1DD4}.Release|Any CPU.Build.0 = Release|Any CPU
	EndGlobalSection
EndGlobal
